// !$*UTF8*$!
{
	archiveVersion = 1;
	classes = {
	};
	objectVersion = 48;
	objects = {

/* Begin PBXBuildFile section */
		87DAEA8D2072358B00D1BF38 /* AppDelegate.swift in Sources */ = {isa = PBXBuildFile; fileRef = 87DAEA8C2072358B00D1BF38 /* AppDelegate.swift */; };
		87DAEA8F2072358B00D1BF38 /* ViewController.swift in Sources */ = {isa = PBXBuildFile; fileRef = 87DAEA8E2072358B00D1BF38 /* ViewController.swift */; };
		87DAEA922072358B00D1BF38 /* Main.storyboard in Resources */ = {isa = PBXBuildFile; fileRef = 87DAEA902072358B00D1BF38 /* Main.storyboard */; };
		87DAEA942072358B00D1BF38 /* Assets.xcassets in Resources */ = {isa = PBXBuildFile; fileRef = 87DAEA932072358B00D1BF38 /* Assets.xcassets */; };
		87DAEA972072358B00D1BF38 /* LaunchScreen.storyboard in Resources */ = {isa = PBXBuildFile; fileRef = 87DAEA952072358B00D1BF38 /* LaunchScreen.storyboard */; };
		87DAEA9F2072382500D1BF38 /* ViewModel.swift in Sources */ = {isa = PBXBuildFile; fileRef = 87DAEA9E2072382500D1BF38 /* ViewModel.swift */; };
		87DAEAA1207239F700D1BF38 /* MoviesClient.swift in Sources */ = {isa = PBXBuildFile; fileRef = 87DAEAA0207239F700D1BF38 /* MoviesClient.swift */; };
		87DAEAA5207240E200D1BF38 /* Dictionary + JsonDict.swift in Sources */ = {isa = PBXBuildFile; fileRef = 87DAEAA4207240E200D1BF38 /* Dictionary + JsonDict.swift */; };
		87DAEAAB20724C5000D1BF38 /* MoviesParser.swift in Sources */ = {isa = PBXBuildFile; fileRef = 87DAEAAA20724C5000D1BF38 /* MoviesParser.swift */; };
/* End PBXBuildFile section */

/* Begin PBXFileReference section */
		87DAEA892072358B00D1BF38 /* TopMovies.app */ = {isa = PBXFileReference; explicitFileType = wrapper.application; includeInIndex = 0; path = TopMovies.app; sourceTree = BUILT_PRODUCTS_DIR; };
		87DAEA8C2072358B00D1BF38 /* AppDelegate.swift */ = {isa = PBXFileReference; lastKnownFileType = sourcecode.swift; path = AppDelegate.swift; sourceTree = "<group>"; };
		87DAEA8E2072358B00D1BF38 /* ViewController.swift */ = {isa = PBXFileReference; lastKnownFileType = sourcecode.swift; path = ViewController.swift; sourceTree = "<group>"; };
		87DAEA912072358B00D1BF38 /* Base */ = {isa = PBXFileReference; lastKnownFileType = file.storyboard; name = Base; path = Base.lproj/Main.storyboard; sourceTree = "<group>"; };
		87DAEA932072358B00D1BF38 /* Assets.xcassets */ = {isa = PBXFileReference; lastKnownFileType = folder.assetcatalog; path = Assets.xcassets; sourceTree = "<group>"; };
		87DAEA962072358B00D1BF38 /* Base */ = {isa = PBXFileReference; lastKnownFileType = file.storyboard; name = Base; path = Base.lproj/LaunchScreen.storyboard; sourceTree = "<group>"; };
		87DAEA982072358B00D1BF38 /* Info.plist */ = {isa = PBXFileReference; lastKnownFileType = text.plist.xml; path = Info.plist; sourceTree = "<group>"; };
		87DAEA9E2072382500D1BF38 /* ViewModel.swift */ = {isa = PBXFileReference; lastKnownFileType = sourcecode.swift; path = ViewModel.swift; sourceTree = "<group>"; };
		87DAEAA0207239F700D1BF38 /* MoviesClient.swift */ = {isa = PBXFileReference; lastKnownFileType = sourcecode.swift; path = MoviesClient.swift; sourceTree = "<group>"; };
		87DAEAA4207240E200D1BF38 /* Dictionary + JsonDict.swift */ = {isa = PBXFileReference; fileEncoding = 4; lastKnownFileType = sourcecode.swift; path = "Dictionary + JsonDict.swift"; sourceTree = "<group>"; };
		87DAEAAA20724C5000D1BF38 /* MoviesParser.swift */ = {isa = PBXFileReference; lastKnownFileType = sourcecode.swift; path = MoviesParser.swift; sourceTree = "<group>"; };
/* End PBXFileReference section */

/* Begin PBXFrameworksBuildPhase section */
		87DAEA862072358B00D1BF38 /* Frameworks */ = {
			isa = PBXFrameworksBuildPhase;
			buildActionMask = 2147483647;
			files = (
			);
			runOnlyForDeploymentPostprocessing = 0;
		};
/* End PBXFrameworksBuildPhase section */

/* Begin PBXGroup section */
		87DAEA802072358B00D1BF38 = {
			isa = PBXGroup;
			children = (
				87DAEA8B2072358B00D1BF38 /* TopMovies */,
				87DAEA8A2072358B00D1BF38 /* Products */,
			);
			sourceTree = "<group>";
		};
		87DAEA8A2072358B00D1BF38 /* Products */ = {
			isa = PBXGroup;
			children = (
				87DAEA892072358B00D1BF38 /* TopMovies.app */,
			);
			name = Products;
			sourceTree = "<group>";
		};
		87DAEA8B2072358B00D1BF38 /* TopMovies */ = {
			isa = PBXGroup;
			children = (
				87DAEA8C2072358B00D1BF38 /* AppDelegate.swift */,
				87DAEAA6207243F600D1BF38 /* ViewControllers+ViewModels */,
				87DAEAA92072441900D1BF38 /* Model */,
				87DAEAA7207243FF00D1BF38 /* Storyboards */,
				87DAEAA82072440B00D1BF38 /* Supporting Files */,
			);
			path = TopMovies;
			sourceTree = "<group>";
		};
		87DAEAA6207243F600D1BF38 /* ViewControllers+ViewModels */ = {
			isa = PBXGroup;
			children = (
				87DAEA8E2072358B00D1BF38 /* ViewController.swift */,
				87DAEA9E2072382500D1BF38 /* ViewModel.swift */,
			);
			path = "ViewControllers+ViewModels";
			sourceTree = "<group>";
		};
		87DAEAA7207243FF00D1BF38 /* Storyboards */ = {
			isa = PBXGroup;
			children = (
				87DAEA902072358B00D1BF38 /* Main.storyboard */,
				87DAEA952072358B00D1BF38 /* LaunchScreen.storyboard */,
			);
			path = Storyboards;
			sourceTree = "<group>";
		};
		87DAEAA82072440B00D1BF38 /* Supporting Files */ = {
			isa = PBXGroup;
			children = (
				87DAEA932072358B00D1BF38 /* Assets.xcassets */,
				87DAEA982072358B00D1BF38 /* Info.plist */,
			);
			path = "Supporting Files";
			sourceTree = "<group>";
		};
		87DAEAA92072441900D1BF38 /* Model */ = {
			isa = PBXGroup;
			children = (
				87DAEAA0207239F700D1BF38 /* MoviesClient.swift */,
				87DAEAAA20724C5000D1BF38 /* MoviesParser.swift */,
				87DAEAA4207240E200D1BF38 /* Dictionary + JsonDict.swift */,
			);
			path = Model;
			sourceTree = "<group>";
		};
/* End PBXGroup section */

/* Begin PBXNativeTarget section */
		87DAEA882072358B00D1BF38 /* TopMovies */ = {
			isa = PBXNativeTarget;
			buildConfigurationList = 87DAEA9B2072358B00D1BF38 /* Build configuration list for PBXNativeTarget "TopMovies" */;
			buildPhases = (
				87DAEA852072358B00D1BF38 /* Sources */,
				87DAEA862072358B00D1BF38 /* Frameworks */,
				87DAEA872072358B00D1BF38 /* Resources */,
			);
			buildRules = (
			);
			dependencies = (
			);
			name = TopMovies;
			productName = TopMovies;
			productReference = 87DAEA892072358B00D1BF38 /* TopMovies.app */;
			productType = "com.apple.product-type.application";
		};
/* End PBXNativeTarget section */

/* Begin PBXProject section */
		87DAEA812072358B00D1BF38 /* Project object */ = {
			isa = PBXProject;
			attributes = {
				LastSwiftUpdateCheck = 0920;
				LastUpgradeCheck = 0920;
				ORGANIZATIONNAME = Trand;
				TargetAttributes = {
					87DAEA882072358B00D1BF38 = {
						CreatedOnToolsVersion = 9.2;
						ProvisioningStyle = Automatic;
					};
				};
			};
			buildConfigurationList = 87DAEA842072358B00D1BF38 /* Build configuration list for PBXProject "TopMovies" */;
			compatibilityVersion = "Xcode 8.0";
			developmentRegion = en;
			hasScannedForEncodings = 0;
			knownRegions = (
				en,
				Base,
			);
			mainGroup = 87DAEA802072358B00D1BF38;
			productRefGroup = 87DAEA8A2072358B00D1BF38 /* Products */;
			projectDirPath = "";
			projectRoot = "";
			targets = (
				87DAEA882072358B00D1BF38 /* TopMovies */,
			);
		};
/* End PBXProject section */

/* Begin PBXResourcesBuildPhase section */
		87DAEA872072358B00D1BF38 /* Resources */ = {
			isa = PBXResourcesBuildPhase;
			buildActionMask = 2147483647;
			files = (
				87DAEA972072358B00D1BF38 /* LaunchScreen.storyboard in Resources */,
				87DAEA942072358B00D1BF38 /* Assets.xcassets in Resources */,
				87DAEA922072358B00D1BF38 /* Main.storyboard in Resources */,
			);
			runOnlyForDeploymentPostprocessing = 0;
		};
/* End PBXResourcesBuildPhase section */

/* Begin PBXSourcesBuildPhase section */
		87DAEA852072358B00D1BF38 /* Sources */ = {
			isa = PBXSourcesBuildPhase;
			buildActionMask = 2147483647;
			files = (
				87DAEA8F2072358B00D1BF38 /* ViewController.swift in Sources */,
				87DAEA9F2072382500D1BF38 /* ViewModel.swift in Sources */,
				87DAEA8D2072358B00D1BF38 /* AppDelegate.swift in Sources */,
				87DAEAA1207239F700D1BF38 /* MoviesClient.swift in Sources */,
				87DAEAA5207240E200D1BF38 /* Dictionary + JsonDict.swift in Sources */,
				87DAEAAB20724C5000D1BF38 /* MoviesParser.swift in Sources */,
			);
			runOnlyForDeploymentPostprocessing = 0;
		};
/* End PBXSourcesBuildPhase section */

/* Begin PBXVariantGroup section */
		87DAEA902072358B00D1BF38 /* Main.storyboard */ = {
			isa = PBXVariantGroup;
			children = (
				87DAEA912072358B00D1BF38 /* Base */,
			);
			name = Main.storyboard;
			sourceTree = "<group>";
		};
		87DAEA952072358B00D1BF38 /* LaunchScreen.storyboard */ = {
			isa = PBXVariantGroup;
			children = (
				87DAEA962072358B00D1BF38 /* Base */,
			);
			name = LaunchScreen.storyboard;
			sourceTree = "<group>";
		};
/* End PBXVariantGroup section */

/* Begin XCBuildConfiguration section */
		87DAEA992072358B00D1BF38 /* Debug */ = {
			isa = XCBuildConfiguration;
			buildSettings = {
				ALWAYS_SEARCH_USER_PATHS = NO;
				CLANG_ANALYZER_NONNULL = YES;
				CLANG_ANALYZER_NUMBER_OBJECT_CONVERSION = YES_AGGRESSIVE;
				CLANG_CXX_LANGUAGE_STANDARD = "gnu++14";
				CLANG_CXX_LIBRARY = "libc++";
				CLANG_ENABLE_MODULES = YES;
				CLANG_ENABLE_OBJC_ARC = YES;
				CLANG_WARN_BLOCK_CAPTURE_AUTORELEASING = YES;
				CLANG_WARN_BOOL_CONVERSION = YES;
				CLANG_WARN_COMMA = YES;
				CLANG_WARN_CONSTANT_CONVERSION = YES;
				CLANG_WARN_DIRECT_OBJC_ISA_USAGE = YES_ERROR;
				CLANG_WARN_DOCUMENTATION_COMMENTS = YES;
				CLANG_WARN_EMPTY_BODY = YES;
				CLANG_WARN_ENUM_CONVERSION = YES;
				CLANG_WARN_INFINITE_RECURSION = YES;
				CLANG_WARN_INT_CONVERSION = YES;
				CLANG_WARN_NON_LITERAL_NULL_CONVERSION = YES;
				CLANG_WARN_OBJC_LITERAL_CONVERSION = YES;
				CLANG_WARN_OBJC_ROOT_CLASS = YES_ERROR;
				CLANG_WARN_RANGE_LOOP_ANALYSIS = YES;
				CLANG_WARN_STRICT_PROTOTYPES = YES;
				CLANG_WARN_SUSPICIOUS_MOVE = YES;
				CLANG_WARN_UNGUARDED_AVAILABILITY = YES_AGGRESSIVE;
				CLANG_WARN_UNREACHABLE_CODE = YES;
				CLANG_WARN__DUPLICATE_METHOD_MATCH = YES;
				CODE_SIGN_IDENTITY = "iPhone Developer";
				COPY_PHASE_STRIP = NO;
				DEBUG_INFORMATION_FORMAT = dwarf;
				ENABLE_STRICT_OBJC_MSGSEND = YES;
				ENABLE_TESTABILITY = YES;
				GCC_C_LANGUAGE_STANDARD = gnu11;
				GCC_DYNAMIC_NO_PIC = NO;
				GCC_NO_COMMON_BLOCKS = YES;
				GCC_OPTIMIZATION_LEVEL = 0;
				GCC_PREPROCESSOR_DEFINITIONS = (
					"DEBUG=1",
					"$(inherited)",
				);
				GCC_WARN_64_TO_32_BIT_CONVERSION = YES;
				GCC_WARN_ABOUT_RETURN_TYPE = YES_ERROR;
				GCC_WARN_UNDECLARED_SELECTOR = YES;
				GCC_WARN_UNINITIALIZED_AUTOS = YES_AGGRESSIVE;
				GCC_WARN_UNUSED_FUNCTION = YES;
				GCC_WARN_UNUSED_VARIABLE = YES;
				IPHONEOS_DEPLOYMENT_TARGET = 11.2;
				MTL_ENABLE_DEBUG_INFO = YES;
				ONLY_ACTIVE_ARCH = YES;
				SDKROOT = iphoneos;
				SWIFT_ACTIVE_COMPILATION_CONDITIONS = DEBUG;
				SWIFT_OPTIMIZATION_LEVEL = "-Onone";
			};
			name = Debug;
		};
		87DAEA9A2072358B00D1BF38 /* Release */ = {
			isa = XCBuildConfiguration;
			buildSettings = {
				ALWAYS_SEARCH_USER_PATHS = NO;
				CLANG_ANALYZER_NONNULL = YES;
				CLANG_ANALYZER_NUMBER_OBJECT_CONVERSION = YES_AGGRESSIVE;
				CLANG_CXX_LANGUAGE_STANDARD = "gnu++14";
				CLANG_CXX_LIBRARY = "libc++";
				CLANG_ENABLE_MODULES = YES;
				CLANG_ENABLE_OBJC_ARC = YES;
				CLANG_WARN_BLOCK_CAPTURE_AUTORELEASING = YES;
				CLANG_WARN_BOOL_CONVERSION = YES;
				CLANG_WARN_COMMA = YES;
				CLANG_WARN_CONSTANT_CONVERSION = YES;
				CLANG_WARN_DIRECT_OBJC_ISA_USAGE = YES_ERROR;
				CLANG_WARN_DOCUMENTATION_COMMENTS = YES;
				CLANG_WARN_EMPTY_BODY = YES;
				CLANG_WARN_ENUM_CONVERSION = YES;
				CLANG_WARN_INFINITE_RECURSION = YES;
				CLANG_WARN_INT_CONVERSION = YES;
				CLANG_WARN_NON_LITERAL_NULL_CONVERSION = YES;
				CLANG_WARN_OBJC_LITERAL_CONVERSION = YES;
				CLANG_WARN_OBJC_ROOT_CLASS = YES_ERROR;
				CLANG_WARN_RANGE_LOOP_ANALYSIS = YES;
				CLANG_WARN_STRICT_PROTOTYPES = YES;
				CLANG_WARN_SUSPICIOUS_MOVE = YES;
				CLANG_WARN_UNGUARDED_AVAILABILITY = YES_AGGRESSIVE;
				CLANG_WARN_UNREACHABLE_CODE = YES;
				CLANG_WARN__DUPLICATE_METHOD_MATCH = YES;
				CODE_SIGN_IDENTITY = "iPhone Developer";
				COPY_PHASE_STRIP = NO;
				DEBUG_INFORMATION_FORMAT = "dwarf-with-dsym";
				ENABLE_NS_ASSERTIONS = NO;
				ENABLE_STRICT_OBJC_MSGSEND = YES;
				GCC_C_LANGUAGE_STANDARD = gnu11;
				GCC_NO_COMMON_BLOCKS = YES;
				GCC_WARN_64_TO_32_BIT_CONVERSION = YES;
				GCC_WARN_ABOUT_RETURN_TYPE = YES_ERROR;
				GCC_WARN_UNDECLARED_SELECTOR = YES;
				GCC_WARN_UNINITIALIZED_AUTOS = YES_AGGRESSIVE;
				GCC_WARN_UNUSED_FUNCTION = YES;
				GCC_WARN_UNUSED_VARIABLE = YES;
				IPHONEOS_DEPLOYMENT_TARGET = 11.2;
				MTL_ENABLE_DEBUG_INFO = NO;
				SDKROOT = iphoneos;
				SWIFT_OPTIMIZATION_LEVEL = "-Owholemodule";
				VALIDATE_PRODUCT = YES;
			};
			name = Release;
		};
		87DAEA9C2072358B00D1BF38 /* Debug */ = {
			isa = XCBuildConfiguration;
			buildSettings = {
				ASSETCATALOG_COMPILER_APPICON_NAME = AppIcon;
				CODE_SIGN_STYLE = Automatic;
				INFOPLIST_FILE = "$(SRCROOT)/TopMovies/Supporting Files/Info.plist";
				LD_RUNPATH_SEARCH_PATHS = "$(inherited) @executable_path/Frameworks";
				PRODUCT_BUNDLE_IDENTIFIER = trand.TopMovies;
				PRODUCT_NAME = "$(TARGET_NAME)";
				SWIFT_VERSION = 4.0;
				TARGETED_DEVICE_FAMILY = "1,2";
			};
			name = Debug;
		};
		87DAEA9D2072358B00D1BF38 /* Release */ = {
			isa = XCBuildConfiguration;
			buildSettings = {
				ASSETCATALOG_COMPILER_APPICON_NAME = AppIcon;
				CODE_SIGN_STYLE = Automatic;
				INFOPLIST_FILE = "$(SRCROOT)/TopMovies/Supporting Files/Info.plist";
				LD_RUNPATH_SEARCH_PATHS = "$(inherited) @executable_path/Frameworks";
				PRODUCT_BUNDLE_IDENTIFIER = trand.TopMovies;
				PRODUCT_NAME = "$(TARGET_NAME)";
				SWIFT_VERSION = 4.0;
				TARGETED_DEVICE_FAMILY = "1,2";
			};
			name = Release;
		};
/* End XCBuildConfiguration section */

/* Begin XCConfigurationList section */
		87DAEA842072358B00D1BF38 /* Build configuration list for PBXProject "TopMovies" */ = {
			isa = XCConfigurationList;
			buildConfigurations = (
				87DAEA992072358B00D1BF38 /* Debug */,
				87DAEA9A2072358B00D1BF38 /* Release */,
			);
			defaultConfigurationIsVisible = 0;
			defaultConfigurationName = Release;
		};
		87DAEA9B2072358B00D1BF38 /* Build configuration list for PBXNativeTarget "TopMovies" */ = {
			isa = XCConfigurationList;
			buildConfigurations = (
				87DAEA9C2072358B00D1BF38 /* Debug */,
				87DAEA9D2072358B00D1BF38 /* Release */,
			);
			defaultConfigurationIsVisible = 0;
			defaultConfigurationName = Release;
		};
/* End XCConfigurationList section */
	};
	rootObject = 87DAEA812072358B00D1BF38 /* Project object */;
}
